# THIS IS AN AUTOGENERATED FILE. DO NOT EDIT THIS FILE DIRECTLY.
# yarn lockfile v1


browser-split@0.0.0:
  version "0.0.0"
  resolved "https://registry.yarnpkg.com/browser-split/-/browser-split-0.0.0.tgz#41419caef769755929dd518967d3eec0a6262771"
  integrity sha1-QUGcrvdpdVkp3VGJZ9PuwKYmJ3E=

class-list@~0.1.0, class-list@~0.1.1:
  version "0.1.1"
  resolved "https://registry.yarnpkg.com/class-list/-/class-list-0.1.1.tgz#9b9745192c4179b5da0a0d7633658e3c70d796cb"
  integrity sha1-m5dFGSxBebXaCg12M2WOPHDXlss=
  dependencies:
    indexof "0.0.1"

html-element@^2.0.0:
  version "2.3.1"
  resolved "https://registry.yarnpkg.com/html-element/-/html-element-2.3.1.tgz#5feb23dd5226467ef8c2faec51a5bf29c4ef5440"
  integrity sha512-xnFt2ZkbFcjc+JoAtg3Hl89VeEZDjododu4VCPkRvFmBTHHA9U1Nt6hLUWfW2O+6Sl/rT1hHK/PivleX3PdBJQ==
  dependencies:
    class-list "~0.1.1"

"hyperscript@https://github.com/syarul/hyperscript":
  version "2.0.2"
  resolved "https://github.com/syarul/hyperscript#e4dfaac03df6c34d2077adb1a62d75bcaa85d97d"
  dependencies:
    browser-split "0.0.0"
    class-list "~0.1.0"
    html-element "^2.0.0"

indexof@0.0.1:
  version "0.0.1"
  resolved "https://registry.yarnpkg.com/indexof/-/indexof-0.0.1.tgz#82dc336d232b9062179d05ab3293a66059fd435d"
  integrity sha1-gtwzbSMrkGIXnQWrMpOmYFn9Q10=

"observable@https://github.com/syarul/observable":
  version "2.1.4"
  resolved "https://github.com/syarul/observable#18d013495c0ad39b4674be03d0d9eb866bb58cae"

todomvc-app-css@^2.3.0:
  version "2.3.0"
  resolved "https://registry.yarnpkg.com/todomvc-app-css/-/todomvc-app-css-2.3.0.tgz#cc27f1686ab4c418eef4e790289cc124baca2546"
  integrity sha512-RG8hxqoVn8Be3wxyuyHfOSAXiY1Z0N+PYQOe/jxzy3wpU1Obfwd1RF1i/fz/fR+MrYL+Q+BdrUt8SsXdtR7Oow==

todomvc-common@^1.0.5:
  version "1.0.5"
  resolved "https://registry.yarnpkg.com/todomvc-common/-/todomvc-common-1.0.5.tgz#8c3e799ac9f1fc1573e0c204f984510826914730"
  integrity sha512-D8kEJmxVMQIWwztEdH+WeiAfXRbbSCpgXq4NkYi+gduJ2tr8CNq7sYLfJvjpQ10KD9QxJwig57rvMbV2QAESwQ==
